
Microsoft Visual Studio Solution File, Format Version 12.00
# Visual Studio Version 17
VisualStudioVersion = 17.8.34316.72
MinimumVisualStudioVersion = 10.0.40219.1
Project("{FAE04EC0-301F-11D3-BF4B-00C04F79EFBC}") = "web_api_test", "web_api_test.csproj", "{6CF0D18E-DDD6-4125-9E9B-C7EEDA0B8830}"
EndProject
Global
	GlobalSection(SolutionConfigurationPlatforms) = preSolution
		Debug|Any CPU = Debug|Any CPU
		Release|Any CPU = Release|Any CPU
	EndGlobalSection
	GlobalSection(ProjectConfigurationPlatforms) = postSolution
		{6CF0D18E-DDD6-4125-9E9B-C7EEDA0B8830}.Debug|Any CPU.ActiveCfg = Debug|Any CPU
		{6CF0D18E-DDD6-4125-9E9B-C7EEDA0B8830}.Debug|Any CPU.Build.0 = Debug|Any CPU
		{6CF0D18E-DDD6-4125-9E9B-C7EEDA0B8830}.Release|Any CPU.ActiveCfg = Release|Any CPU
		{6CF0D18E-DDD6-4125-9E9B-C7EEDA0B8830}.Release|Any CPU.Build.0 = Release|Any CPU
	EndGlobalSection
	GlobalSection(SolutionProperties) = preSolution
		HideSolutionNode = FALSE
	EndGlobalSection
	GlobalSection(ExtensibilityGlobals) = postSolution
		SolutionGuid = {07BB090E-0B31-4BBF-B4F7-E91C9B968932}
	EndGlobalSection
EndGlobal
